// !$*UTF8*$!
{
	archiveVersion = 1;
	classes = {
	};
	objectVersion = 46;
	objects = {

/* Begin PBXBuildFile section */
		1A4FE08C1CC6FDA000EE8787 /* AppDelegate.swift in Sources */ = {isa = PBXBuildFile; fileRef = 1A4FE08B1CC6FDA000EE8787 /* AppDelegate.swift */; };
		1A4FE0911CC6FDA000EE8787 /* Main.storyboard in Resources */ = {isa = PBXBuildFile; fileRef = 1A4FE08F1CC6FDA000EE8787 /* Main.storyboard */; };
		1A4FE0941CC6FDA000EE8787 /* FoodTalk.xcdatamodeld in Sources */ = {isa = PBXBuildFile; fileRef = 1A4FE0921CC6FDA000EE8787 /* FoodTalk.xcdatamodeld */; };
		1A4FE0961CC6FDA000EE8787 /* Assets.xcassets in Resources */ = {isa = PBXBuildFile; fileRef = 1A4FE0951CC6FDA000EE8787 /* Assets.xcassets */; };
		1A4FE0991CC6FDA000EE8787 /* LaunchScreen.storyboard in Resources */ = {isa = PBXBuildFile; fileRef = 1A4FE0971CC6FDA000EE8787 /* LaunchScreen.storyboard */; };
		1A4FE0A11CC7017500EE8787 /* Dialogue.storyboard in Resources */ = {isa = PBXBuildFile; fileRef = 1A4FE0A01CC7017500EE8787 /* Dialogue.storyboard */; };
		1A4FE0A41CC701B600EE8787 /* FavoritesList.storyboard in Resources */ = {isa = PBXBuildFile; fileRef = 1A4FE0A21CC701B600EE8787 /* FavoritesList.storyboard */; };
		1A4FE0AB1CC7029100EE8787 /* DialogueController.swift in Sources */ = {isa = PBXBuildFile; fileRef = 1A4FE0AA1CC7029100EE8787 /* DialogueController.swift */; };
		1A4FE0AD1CC702A400EE8787 /* FavoriteListViewController.swift in Sources */ = {isa = PBXBuildFile; fileRef = 1A4FE0AC1CC702A400EE8787 /* FavoriteListViewController.swift */; };
		1A4FE0B31CC702E200EE8787 /* MainViewController.swift in Sources */ = {isa = PBXBuildFile; fileRef = 1A4FE0B21CC702E200EE8787 /* MainViewController.swift */; };
		1A4FE0EA1CC83D8200EE8787 /* Podfile in Resources */ = {isa = PBXBuildFile; fileRef = 1A4FE0E91CC83D8200EE8787 /* Podfile */; };
		1A5E5A511CCACE9F00BBA6A1 /* YlpClientViewController.m in Sources */ = {isa = PBXBuildFile; fileRef = 1A5E5A501CCACE9F00BBA6A1 /* YlpClientViewController.m */; };
		711FF97C1CCA0111000180B6 /* pizza_sample.xml in Resources */ = {isa = PBXBuildFile; fileRef = 711FF97B1CCA0111000180B6 /* pizza_sample.xml */; };
		7171CB4B1CC94CBC00B9E706 /* Alamofire.framework in Frameworks */ = {isa = PBXBuildFile; fileRef = 7171CB451CC94CBC00B9E706 /* Alamofire.framework */; };
		7171CB4C1CC94CBC00B9E706 /* AlamofireObjectMapper.framework in Frameworks */ = {isa = PBXBuildFile; fileRef = 7171CB461CC94CBC00B9E706 /* AlamofireObjectMapper.framework */; };
		7171CB4D1CC94CBC00B9E706 /* HTTPStatusCodes.framework in Frameworks */ = {isa = PBXBuildFile; fileRef = 7171CB471CC94CBC00B9E706 /* HTTPStatusCodes.framework */; };
		7171CB4E1CC94CBC00B9E706 /* ObjectMapper.framework in Frameworks */ = {isa = PBXBuildFile; fileRef = 7171CB481CC94CBC00B9E706 /* ObjectMapper.framework */; };
		7171CB4F1CC94CBC00B9E706 /* Starscream.framework in Frameworks */ = {isa = PBXBuildFile; fileRef = 7171CB491CC94CBC00B9E706 /* Starscream.framework */; };
		7171CB501CC94CBC00B9E706 /* WatsonDeveloperCloud.framework in Frameworks */ = {isa = PBXBuildFile; fileRef = 7171CB4A1CC94CBC00B9E706 /* WatsonDeveloperCloud.framework */; };
		7171CB521CC94F3700B9E706 /* Alamofire.framework in CopyFiles */ = {isa = PBXBuildFile; fileRef = 7171CB451CC94CBC00B9E706 /* Alamofire.framework */; settings = {ATTRIBUTES = (CodeSignOnCopy, RemoveHeadersOnCopy, ); }; };
		7171CB531CC94F3700B9E706 /* AlamofireObjectMapper.framework in CopyFiles */ = {isa = PBXBuildFile; fileRef = 7171CB461CC94CBC00B9E706 /* AlamofireObjectMapper.framework */; settings = {ATTRIBUTES = (CodeSignOnCopy, RemoveHeadersOnCopy, ); }; };
		7171CB541CC94F3700B9E706 /* HTTPStatusCodes.framework in CopyFiles */ = {isa = PBXBuildFile; fileRef = 7171CB471CC94CBC00B9E706 /* HTTPStatusCodes.framework */; settings = {ATTRIBUTES = (CodeSignOnCopy, RemoveHeadersOnCopy, ); }; };
		7171CB551CC94F3700B9E706 /* ObjectMapper.framework in CopyFiles */ = {isa = PBXBuildFile; fileRef = 7171CB481CC94CBC00B9E706 /* ObjectMapper.framework */; settings = {ATTRIBUTES = (CodeSignOnCopy, RemoveHeadersOnCopy, ); }; };
		7171CB561CC94F3700B9E706 /* Starscream.framework in CopyFiles */ = {isa = PBXBuildFile; fileRef = 7171CB491CC94CBC00B9E706 /* Starscream.framework */; settings = {ATTRIBUTES = (CodeSignOnCopy, RemoveHeadersOnCopy, ); }; };
		7171CB571CC94F3700B9E706 /* WatsonDeveloperCloud.framework in CopyFiles */ = {isa = PBXBuildFile; fileRef = 7171CB4A1CC94CBC00B9E706 /* WatsonDeveloperCloud.framework */; settings = {ATTRIBUTES = (CodeSignOnCopy, RemoveHeadersOnCopy, ); }; };
		717E624B1CC7FAE80078B71A /* DialogueCell.swift in Sources */ = {isa = PBXBuildFile; fileRef = 717E624A1CC7FAE80078B71A /* DialogueCell.swift */; };
		AAFBBE1BFA0FCD5976BC1EE4 /* libPods-FoodTalk.a in Frameworks */ = {isa = PBXBuildFile; fileRef = 87A28D315F5090215C804647 /* libPods-FoodTalk.a */; };
/* End PBXBuildFile section */

/* Begin PBXCopyFilesBuildPhase section */
		7171CB511CC94ECB00B9E706 /* CopyFiles */ = {
			isa = PBXCopyFilesBuildPhase;
			buildActionMask = 2147483647;
			dstPath = "";
			dstSubfolderSpec = 10;
			files = (
				7171CB521CC94F3700B9E706 /* Alamofire.framework in CopyFiles */,
				7171CB531CC94F3700B9E706 /* AlamofireObjectMapper.framework in CopyFiles */,
				7171CB541CC94F3700B9E706 /* HTTPStatusCodes.framework in CopyFiles */,
				7171CB551CC94F3700B9E706 /* ObjectMapper.framework in CopyFiles */,
				7171CB561CC94F3700B9E706 /* Starscream.framework in CopyFiles */,
				7171CB571CC94F3700B9E706 /* WatsonDeveloperCloud.framework in CopyFiles */,
			);
			runOnlyForDeploymentPostprocessing = 0;
		};
/* End PBXCopyFilesBuildPhase section */

/* Begin PBXFileReference section */
		1A4FE0881CC6FDA000EE8787 /* FoodTalk.app */ = {isa = PBXFileReference; explicitFileType = wrapper.application; includeInIndex = 0; path = FoodTalk.app; sourceTree = BUILT_PRODUCTS_DIR; };
		1A4FE08B1CC6FDA000EE8787 /* AppDelegate.swift */ = {isa = PBXFileReference; lastKnownFileType = sourcecode.swift; path = AppDelegate.swift; sourceTree = "<group>"; };
		1A4FE0901CC6FDA000EE8787 /* Base */ = {isa = PBXFileReference; lastKnownFileType = file.storyboard; name = Base; path = Base.lproj/Main.storyboard; sourceTree = "<group>"; };
		1A4FE0931CC6FDA000EE8787 /* FoodTalk.xcdatamodel */ = {isa = PBXFileReference; lastKnownFileType = wrapper.xcdatamodel; path = FoodTalk.xcdatamodel; sourceTree = "<group>"; };
		1A4FE0951CC6FDA000EE8787 /* Assets.xcassets */ = {isa = PBXFileReference; lastKnownFileType = folder.assetcatalog; path = Assets.xcassets; sourceTree = "<group>"; };
		1A4FE0981CC6FDA000EE8787 /* Base */ = {isa = PBXFileReference; lastKnownFileType = file.storyboard; name = Base; path = Base.lproj/LaunchScreen.storyboard; sourceTree = "<group>"; };
		1A4FE09A1CC6FDA000EE8787 /* Info.plist */ = {isa = PBXFileReference; lastKnownFileType = text.plist.xml; path = Info.plist; sourceTree = "<group>"; };
		1A4FE0A01CC7017500EE8787 /* Dialogue.storyboard */ = {isa = PBXFileReference; fileEncoding = 4; lastKnownFileType = file.storyboard; path = Dialogue.storyboard; sourceTree = "<group>"; };
		1A4FE0A31CC701B600EE8787 /* Base */ = {isa = PBXFileReference; lastKnownFileType = file.storyboard; name = Base; path = Base.lproj/FavoritesList.storyboard; sourceTree = "<group>"; };
		1A4FE0AA1CC7029100EE8787 /* DialogueController.swift */ = {isa = PBXFileReference; fileEncoding = 4; lastKnownFileType = sourcecode.swift; path = DialogueController.swift; sourceTree = "<group>"; };
		1A4FE0AC1CC702A400EE8787 /* FavoriteListViewController.swift */ = {isa = PBXFileReference; fileEncoding = 4; lastKnownFileType = sourcecode.swift; path = FavoriteListViewController.swift; sourceTree = "<group>"; };
		1A4FE0B21CC702E200EE8787 /* MainViewController.swift */ = {isa = PBXFileReference; fileEncoding = 4; lastKnownFileType = sourcecode.swift; path = MainViewController.swift; sourceTree = "<group>"; };
		1A4FE0E91CC83D8200EE8787 /* Podfile */ = {isa = PBXFileReference; fileEncoding = 4; lastKnownFileType = text; path = Podfile; sourceTree = "<group>"; };
		1A5E5A4E1CCACE9E00BBA6A1 /* FoodTalk-Bridging-Header.h */ = {isa = PBXFileReference; lastKnownFileType = sourcecode.c.h; path = "FoodTalk-Bridging-Header.h"; sourceTree = "<group>"; };
		1A5E5A4F1CCACE9F00BBA6A1 /* YlpClientViewController.h */ = {isa = PBXFileReference; fileEncoding = 4; lastKnownFileType = sourcecode.c.h; path = YlpClientViewController.h; sourceTree = "<group>"; };
		1A5E5A501CCACE9F00BBA6A1 /* YlpClientViewController.m */ = {isa = PBXFileReference; fileEncoding = 4; lastKnownFileType = sourcecode.c.objc; path = YlpClientViewController.m; sourceTree = "<group>"; };
		482FED0ADB4A4DD453B75CD1 /* Pods-FoodTalk.release.xcconfig */ = {isa = PBXFileReference; includeInIndex = 1; lastKnownFileType = text.xcconfig; name = "Pods-FoodTalk.release.xcconfig"; path = "Pods/Target Support Files/Pods-FoodTalk/Pods-FoodTalk.release.xcconfig"; sourceTree = "<group>"; };
		711FF97B1CCA0111000180B6 /* pizza_sample.xml */ = {isa = PBXFileReference; fileEncoding = 4; lastKnownFileType = text.xml; path = pizza_sample.xml; sourceTree = SOURCE_ROOT; };
		7171CB451CC94CBC00B9E706 /* Alamofire.framework */ = {isa = PBXFileReference; lastKnownFileType = wrapper.framework; name = Alamofire.framework; path = Carthage/Build/iOS/Alamofire.framework; sourceTree = "<group>"; };
		7171CB461CC94CBC00B9E706 /* AlamofireObjectMapper.framework */ = {isa = PBXFileReference; lastKnownFileType = wrapper.framework; name = AlamofireObjectMapper.framework; path = Carthage/Build/iOS/AlamofireObjectMapper.framework; sourceTree = "<group>"; };
		7171CB471CC94CBC00B9E706 /* HTTPStatusCodes.framework */ = {isa = PBXFileReference; lastKnownFileType = wrapper.framework; name = HTTPStatusCodes.framework; path = Carthage/Build/iOS/HTTPStatusCodes.framework; sourceTree = "<group>"; };
		7171CB481CC94CBC00B9E706 /* ObjectMapper.framework */ = {isa = PBXFileReference; lastKnownFileType = wrapper.framework; name = ObjectMapper.framework; path = Carthage/Build/iOS/ObjectMapper.framework; sourceTree = "<group>"; };
		7171CB491CC94CBC00B9E706 /* Starscream.framework */ = {isa = PBXFileReference; lastKnownFileType = wrapper.framework; name = Starscream.framework; path = Carthage/Build/iOS/Starscream.framework; sourceTree = "<group>"; };
		7171CB4A1CC94CBC00B9E706 /* WatsonDeveloperCloud.framework */ = {isa = PBXFileReference; lastKnownFileType = wrapper.framework; name = WatsonDeveloperCloud.framework; path = Carthage/Build/iOS/WatsonDeveloperCloud.framework; sourceTree = "<group>"; };
		717E624A1CC7FAE80078B71A /* DialogueCell.swift */ = {isa = PBXFileReference; fileEncoding = 4; lastKnownFileType = sourcecode.swift; path = DialogueCell.swift; sourceTree = "<group>"; };
		87A28D315F5090215C804647 /* libPods-FoodTalk.a */ = {isa = PBXFileReference; explicitFileType = archive.ar; includeInIndex = 0; path = "libPods-FoodTalk.a"; sourceTree = BUILT_PRODUCTS_DIR; };
		BE515C11C657E22E9652E8F9 /* Pods-FoodTalk.debug.xcconfig */ = {isa = PBXFileReference; includeInIndex = 1; lastKnownFileType = text.xcconfig; name = "Pods-FoodTalk.debug.xcconfig"; path = "Pods/Target Support Files/Pods-FoodTalk/Pods-FoodTalk.debug.xcconfig"; sourceTree = "<group>"; };
/* End PBXFileReference section */

/* Begin PBXFrameworksBuildPhase section */
		1A4FE0851CC6FDA000EE8787 /* Frameworks */ = {
			isa = PBXFrameworksBuildPhase;
			buildActionMask = 2147483647;
			files = (
				AAFBBE1BFA0FCD5976BC1EE4 /* libPods-FoodTalk.a in Frameworks */,
				7171CB4F1CC94CBC00B9E706 /* Starscream.framework in Frameworks */,
				7171CB4C1CC94CBC00B9E706 /* AlamofireObjectMapper.framework in Frameworks */,
				7171CB4E1CC94CBC00B9E706 /* ObjectMapper.framework in Frameworks */,
				7171CB4B1CC94CBC00B9E706 /* Alamofire.framework in Frameworks */,
				7171CB501CC94CBC00B9E706 /* WatsonDeveloperCloud.framework in Frameworks */,
				7171CB4D1CC94CBC00B9E706 /* HTTPStatusCodes.framework in Frameworks */,
			);
			runOnlyForDeploymentPostprocessing = 0;
		};
/* End PBXFrameworksBuildPhase section */

/* Begin PBXGroup section */
		1A4FE07F1CC6FDA000EE8787 = {
			isa = PBXGroup;
			children = (
				7171CB441CC9499D00B9E706 /* Framework */,
				1A4FE0E91CC83D8200EE8787 /* Podfile */,
				1A4FE08A1CC6FDA000EE8787 /* FoodTalk */,
				1A4FE0891CC6FDA000EE8787 /* Products */,
				B9B7EFD711428A4AAEC02A2F /* Pods */,
				B6422A68C5F14D006391E905 /* Frameworks */,
			);
			sourceTree = "<group>";
		};
		1A4FE0891CC6FDA000EE8787 /* Products */ = {
			isa = PBXGroup;
			children = (
				1A4FE0881CC6FDA000EE8787 /* FoodTalk.app */,
			);
			name = Products;
			sourceTree = "<group>";
		};
		1A4FE08A1CC6FDA000EE8787 /* FoodTalk */ = {
			isa = PBXGroup;
			children = (
				711FF97B1CCA0111000180B6 /* pizza_sample.xml */,
				1A4FE08B1CC6FDA000EE8787 /* AppDelegate.swift */,
				1A4FE0B21CC702E200EE8787 /* MainViewController.swift */,
				1A4FE08F1CC6FDA000EE8787 /* Main.storyboard */,
				1A4FE0951CC6FDA000EE8787 /* Assets.xcassets */,
				1A4FE0971CC6FDA000EE8787 /* LaunchScreen.storyboard */,
				1A4FE09A1CC6FDA000EE8787 /* Info.plist */,
				1A4FE0921CC6FDA000EE8787 /* FoodTalk.xcdatamodeld */,
				1A4FE0A71CC7022C00EE8787 /* Dialogue */,
				1A4FE0A81CC7023B00EE8787 /* FavoriteList */,
			);
			path = FoodTalk;
			sourceTree = "<group>";
		};
		1A4FE0A71CC7022C00EE8787 /* Dialogue */ = {
			isa = PBXGroup;
			children = (
				1A4FE0A01CC7017500EE8787 /* Dialogue.storyboard */,
				1A4FE0AA1CC7029100EE8787 /* DialogueController.swift */,
				717E624A1CC7FAE80078B71A /* DialogueCell.swift */,
			);
			name = Dialogue;
			sourceTree = "<group>";
		};
		1A4FE0A81CC7023B00EE8787 /* FavoriteList */ = {
			isa = PBXGroup;
			children = (
				1A4FE0A21CC701B600EE8787 /* FavoritesList.storyboard */,
				1A4FE0AC1CC702A400EE8787 /* FavoriteListViewController.swift */,
				1A5E5A4F1CCACE9F00BBA6A1 /* YlpClientViewController.h */,
				1A5E5A501CCACE9F00BBA6A1 /* YlpClientViewController.m */,
				1A5E5A4E1CCACE9E00BBA6A1 /* FoodTalk-Bridging-Header.h */,
			);
			name = FavoriteList;
			sourceTree = "<group>";
		};
		7171CB441CC9499D00B9E706 /* Framework */ = {
			isa = PBXGroup;
			children = (
				7171CB451CC94CBC00B9E706 /* Alamofire.framework */,
				7171CB461CC94CBC00B9E706 /* AlamofireObjectMapper.framework */,
				7171CB471CC94CBC00B9E706 /* HTTPStatusCodes.framework */,
				7171CB481CC94CBC00B9E706 /* ObjectMapper.framework */,
				7171CB491CC94CBC00B9E706 /* Starscream.framework */,
				7171CB4A1CC94CBC00B9E706 /* WatsonDeveloperCloud.framework */,
			);
			name = Framework;
			sourceTree = "<group>";
		};
		B6422A68C5F14D006391E905 /* Frameworks */ = {
			isa = PBXGroup;
			children = (
				87A28D315F5090215C804647 /* libPods-FoodTalk.a */,
			);
			name = Frameworks;
			sourceTree = "<group>";
		};
		B9B7EFD711428A4AAEC02A2F /* Pods */ = {
			isa = PBXGroup;
			children = (
				BE515C11C657E22E9652E8F9 /* Pods-FoodTalk.debug.xcconfig */,
				482FED0ADB4A4DD453B75CD1 /* Pods-FoodTalk.release.xcconfig */,
			);
			name = Pods;
			sourceTree = "<group>";
		};
/* End PBXGroup section */

/* Begin PBXNativeTarget section */
		1A4FE0871CC6FDA000EE8787 /* FoodTalk */ = {
			isa = PBXNativeTarget;
			buildConfigurationList = 1A4FE09D1CC6FDA000EE8787 /* Build configuration list for PBXNativeTarget "FoodTalk" */;
			buildPhases = (
				848879E5A06BA68EBE4814EF /* Check Pods Manifest.lock */,
				1A4FE0841CC6FDA000EE8787 /* Sources */,
				1A4FE0851CC6FDA000EE8787 /* Frameworks */,
				1A4FE0861CC6FDA000EE8787 /* Resources */,
				3F689431A6A6E2AED12995DA /* Embed Pods Frameworks */,
				D9002B18E642BBEDE8D5B7A7 /* Copy Pods Resources */,
				7171CB511CC94ECB00B9E706 /* CopyFiles */,
			);
			buildRules = (
			);
			dependencies = (
			);
			name = FoodTalk;
			productName = FoodTalk;
			productReference = 1A4FE0881CC6FDA000EE8787 /* FoodTalk.app */;
			productType = "com.apple.product-type.application";
		};
/* End PBXNativeTarget section */

/* Begin PBXProject section */
		1A4FE0801CC6FDA000EE8787 /* Project object */ = {
			isa = PBXProject;
			attributes = {
				LastSwiftUpdateCheck = 0730;
				LastUpgradeCheck = 0730;
				ORGANIZATIONNAME = EricDHong;
				TargetAttributes = {
					1A4FE0871CC6FDA000EE8787 = {
						CreatedOnToolsVersion = 7.3;
						DevelopmentTeam = X6GF343Z5R;
					};
				};
			};
			buildConfigurationList = 1A4FE0831CC6FDA000EE8787 /* Build configuration list for PBXProject "FoodTalk" */;
			compatibilityVersion = "Xcode 3.2";
			developmentRegion = English;
			hasScannedForEncodings = 0;
			knownRegions = (
				en,
				Base,
			);
			mainGroup = 1A4FE07F1CC6FDA000EE8787;
			productRefGroup = 1A4FE0891CC6FDA000EE8787 /* Products */;
			projectDirPath = "";
			projectRoot = "";
			targets = (
				1A4FE0871CC6FDA000EE8787 /* FoodTalk */,
			);
		};
/* End PBXProject section */

/* Begin PBXResourcesBuildPhase section */
		1A4FE0861CC6FDA000EE8787 /* Resources */ = {
			isa = PBXResourcesBuildPhase;
			buildActionMask = 2147483647;
			files = (
				711FF97C1CCA0111000180B6 /* pizza_sample.xml in Resources */,
				1A4FE0EA1CC83D8200EE8787 /* Podfile in Resources */,
				1A4FE0A11CC7017500EE8787 /* Dialogue.storyboard in Resources */,
				1A4FE0991CC6FDA000EE8787 /* LaunchScreen.storyboard in Resources */,
				1A4FE0A41CC701B600EE8787 /* FavoritesList.storyboard in Resources */,
				1A4FE0961CC6FDA000EE8787 /* Assets.xcassets in Resources */,
				1A4FE0911CC6FDA000EE8787 /* Main.storyboard in Resources */,
			);
			runOnlyForDeploymentPostprocessing = 0;
		};
/* End PBXResourcesBuildPhase section */

/* Begin PBXShellScriptBuildPhase section */
		3F689431A6A6E2AED12995DA /* Embed Pods Frameworks */ = {
			isa = PBXShellScriptBuildPhase;
			buildActionMask = 2147483647;
			files = (
			);
			inputPaths = (
			);
			name = "Embed Pods Frameworks";
			outputPaths = (
			);
			runOnlyForDeploymentPostprocessing = 0;
			shellPath = /bin/sh;
			shellScript = "\"${SRCROOT}/Pods/Target Support Files/Pods-FoodTalk/Pods-FoodTalk-frameworks.sh\"\n";
			showEnvVarsInLog = 0;
		};
		848879E5A06BA68EBE4814EF /* Check Pods Manifest.lock */ = {
			isa = PBXShellScriptBuildPhase;
			buildActionMask = 2147483647;
			files = (
			);
			inputPaths = (
			);
			name = "Check Pods Manifest.lock";
			outputPaths = (
			);
			runOnlyForDeploymentPostprocessing = 0;
			shellPath = /bin/sh;
			shellScript = "diff \"${PODS_ROOT}/../Podfile.lock\" \"${PODS_ROOT}/Manifest.lock\" > /dev/null\nif [[ $? != 0 ]] ; then\n    cat << EOM\nerror: The sandbox is not in sync with the Podfile.lock. Run 'pod install' or update your CocoaPods installation.\nEOM\n    exit 1\nfi\n";
			showEnvVarsInLog = 0;
		};
		D9002B18E642BBEDE8D5B7A7 /* Copy Pods Resources */ = {
			isa = PBXShellScriptBuildPhase;
			buildActionMask = 2147483647;
			files = (
			);
			inputPaths = (
			);
			name = "Copy Pods Resources";
			outputPaths = (
			);
			runOnlyForDeploymentPostprocessing = 0;
			shellPath = /bin/sh;
			shellScript = "\"${SRCROOT}/Pods/Target Support Files/Pods-FoodTalk/Pods-FoodTalk-resources.sh\"\n";
			showEnvVarsInLog = 0;
		};
/* End PBXShellScriptBuildPhase section */

/* Begin PBXSourcesBuildPhase section */
		1A4FE0841CC6FDA000EE8787 /* Sources */ = {
			isa = PBXSourcesBuildPhase;
			buildActionMask = 2147483647;
			files = (
				1A4FE0AD1CC702A400EE8787 /* FavoriteListViewController.swift in Sources */,
				1A4FE0941CC6FDA000EE8787 /* FoodTalk.xcdatamodeld in Sources */,
				1A4FE0B31CC702E200EE8787 /* MainViewController.swift in Sources */,
				717E624B1CC7FAE80078B71A /* DialogueCell.swift in Sources */,
				1A5E5A511CCACE9F00BBA6A1 /* YlpClientViewController.m in Sources */,
				1A4FE0AB1CC7029100EE8787 /* DialogueController.swift in Sources */,
				1A4FE08C1CC6FDA000EE8787 /* AppDelegate.swift in Sources */,
			);
			runOnlyForDeploymentPostprocessing = 0;
		};
/* End PBXSourcesBuildPhase section */

/* Begin PBXVariantGroup section */
		1A4FE08F1CC6FDA000EE8787 /* Main.storyboard */ = {
			isa = PBXVariantGroup;
			children = (
				1A4FE0901CC6FDA000EE8787 /* Base */,
			);
			name = Main.storyboard;
			sourceTree = "<group>";
		};
		1A4FE0971CC6FDA000EE8787 /* LaunchScreen.storyboard */ = {
			isa = PBXVariantGroup;
			children = (
				1A4FE0981CC6FDA000EE8787 /* Base */,
			);
			name = LaunchScreen.storyboard;
			sourceTree = "<group>";
		};
		1A4FE0A21CC701B600EE8787 /* FavoritesList.storyboard */ = {
			isa = PBXVariantGroup;
			children = (
				1A4FE0A31CC701B600EE8787 /* Base */,
			);
			name = FavoritesList.storyboard;
			sourceTree = "<group>";
		};
/* End PBXVariantGroup section */

/* Begin XCBuildConfiguration section */
		1A4FE09B1CC6FDA000EE8787 /* Debug */ = {
			isa = XCBuildConfiguration;
			buildSettings = {
				ALWAYS_SEARCH_USER_PATHS = NO;
				CLANG_ANALYZER_NONNULL = YES;
				CLANG_CXX_LANGUAGE_STANDARD = "gnu++0x";
				CLANG_CXX_LIBRARY = "libc++";
				CLANG_ENABLE_MODULES = YES;
				CLANG_ENABLE_OBJC_ARC = YES;
				CLANG_WARN_BOOL_CONVERSION = YES;
				CLANG_WARN_CONSTANT_CONVERSION = YES;
				CLANG_WARN_DIRECT_OBJC_ISA_USAGE = YES_ERROR;
				CLANG_WARN_EMPTY_BODY = YES;
				CLANG_WARN_ENUM_CONVERSION = YES;
				CLANG_WARN_INT_CONVERSION = YES;
				CLANG_WARN_OBJC_ROOT_CLASS = YES_ERROR;
				CLANG_WARN_UNREACHABLE_CODE = YES;
				CLANG_WARN__DUPLICATE_METHOD_MATCH = YES;
				"CODE_SIGN_IDENTITY[sdk=iphoneos*]" = "iPhone Developer";
				COPY_PHASE_STRIP = NO;
				DEBUG_INFORMATION_FORMAT = dwarf;
				ENABLE_STRICT_OBJC_MSGSEND = YES;
				ENABLE_TESTABILITY = YES;
				GCC_C_LANGUAGE_STANDARD = gnu99;
				GCC_DYNAMIC_NO_PIC = NO;
				GCC_NO_COMMON_BLOCKS = YES;
				GCC_OPTIMIZATION_LEVEL = 0;
				GCC_PREPROCESSOR_DEFINITIONS = (
					"DEBUG=1",
					"$(inherited)",
				);
				GCC_WARN_64_TO_32_BIT_CONVERSION = YES;
				GCC_WARN_ABOUT_RETURN_TYPE = YES_ERROR;
				GCC_WARN_UNDECLARED_SELECTOR = YES;
				GCC_WARN_UNINITIALIZED_AUTOS = YES_AGGRESSIVE;
				GCC_WARN_UNUSED_FUNCTION = YES;
				GCC_WARN_UNUSED_VARIABLE = YES;
				IPHONEOS_DEPLOYMENT_TARGET = 9.3;
				MTL_ENABLE_DEBUG_INFO = YES;
				ONLY_ACTIVE_ARCH = YES;
				SDKROOT = iphoneos;
				SWIFT_OPTIMIZATION_LEVEL = "-Onone";
				TARGETED_DEVICE_FAMILY = "1,2";
			};
			name = Debug;
		};
		1A4FE09C1CC6FDA000EE8787 /* Release */ = {
			isa = XCBuildConfiguration;
			buildSettings = {
				ALWAYS_SEARCH_USER_PATHS = NO;
				CLANG_ANALYZER_NONNULL = YES;
				CLANG_CXX_LANGUAGE_STANDARD = "gnu++0x";
				CLANG_CXX_LIBRARY = "libc++";
				CLANG_ENABLE_MODULES = YES;
				CLANG_ENABLE_OBJC_ARC = YES;
				CLANG_WARN_BOOL_CONVERSION = YES;
				CLANG_WARN_CONSTANT_CONVERSION = YES;
				CLANG_WARN_DIRECT_OBJC_ISA_USAGE = YES_ERROR;
				CLANG_WARN_EMPTY_BODY = YES;
				CLANG_WARN_ENUM_CONVERSION = YES;
				CLANG_WARN_INT_CONVERSION = YES;
				CLANG_WARN_OBJC_ROOT_CLASS = YES_ERROR;
				CLANG_WARN_UNREACHABLE_CODE = YES;
				CLANG_WARN__DUPLICATE_METHOD_MATCH = YES;
				"CODE_SIGN_IDENTITY[sdk=iphoneos*]" = "iPhone Developer";
				COPY_PHASE_STRIP = NO;
				DEBUG_INFORMATION_FORMAT = "dwarf-with-dsym";
				ENABLE_NS_ASSERTIONS = NO;
				ENABLE_STRICT_OBJC_MSGSEND = YES;
				GCC_C_LANGUAGE_STANDARD = gnu99;
				GCC_NO_COMMON_BLOCKS = YES;
				GCC_WARN_64_TO_32_BIT_CONVERSION = YES;
				GCC_WARN_ABOUT_RETURN_TYPE = YES_ERROR;
				GCC_WARN_UNDECLARED_SELECTOR = YES;
				GCC_WARN_UNINITIALIZED_AUTOS = YES_AGGRESSIVE;
				GCC_WARN_UNUSED_FUNCTION = YES;
				GCC_WARN_UNUSED_VARIABLE = YES;
				IPHONEOS_DEPLOYMENT_TARGET = 9.3;
				MTL_ENABLE_DEBUG_INFO = NO;
				SDKROOT = iphoneos;
				TARGETED_DEVICE_FAMILY = "1,2";
				VALIDATE_PRODUCT = YES;
			};
			name = Release;
		};
		1A4FE09E1CC6FDA000EE8787 /* Debug */ = {
			isa = XCBuildConfiguration;
			baseConfigurationReference = BE515C11C657E22E9652E8F9 /* Pods-FoodTalk.debug.xcconfig */;
			buildSettings = {
				ASSETCATALOG_COMPILER_APPICON_NAME = AppIcon;
				CLANG_ENABLE_MODULES = YES;
				FRAMEWORK_SEARCH_PATHS = (
					"$(inherited)",
					"$(PROJECT_DIR)/Carthage/Build/iOS",
				);
				INFOPLIST_FILE = FoodTalk/Info.plist;
				LD_RUNPATH_SEARCH_PATHS = "$(inherited) @executable_path/Frameworks";
				PRODUCT_BUNDLE_IDENTIFIER = com.EricDHong.FoodTalk;
				PRODUCT_NAME = "$(TARGET_NAME)";
				SWIFT_OBJC_BRIDGING_HEADER = "FoodTalk/FoodTalk-Bridging-Header.h";
				SWIFT_OPTIMIZATION_LEVEL = "-Onone";
			};
			name = Debug;
		};
		1A4FE09F1CC6FDA000EE8787 /* Release */ = {
			isa = XCBuildConfiguration;
			baseConfigurationReference = 482FED0ADB4A4DD453B75CD1 /* Pods-FoodTalk.release.xcconfig */;
			buildSettings = {
				ASSETCATALOG_COMPILER_APPICON_NAME = AppIcon;
				CLANG_ENABLE_MODULES = YES;
				FRAMEWORK_SEARCH_PATHS = (
					"$(inherited)",
					"$(PROJECT_DIR)/Carthage/Build/iOS",
				);
				INFOPLIST_FILE = FoodTalk/Info.plist;
				LD_RUNPATH_SEARCH_PATHS = "$(inherited) @executable_path/Frameworks";
				PRODUCT_BUNDLE_IDENTIFIER = com.EricDHong.FoodTalk;
				PRODUCT_NAME = "$(TARGET_NAME)";
				SWIFT_OBJC_BRIDGING_HEADER = "FoodTalk/FoodTalk-Bridging-Header.h";
			};
			name = Release;
		};
/* End XCBuildConfiguration section */

/* Begin XCConfigurationList section */
		1A4FE0831CC6FDA000EE8787 /* Build configuration list for PBXProject "FoodTalk" */ = {
			isa = XCConfigurationList;
			buildConfigurations = (
				1A4FE09B1CC6FDA000EE8787 /* Debug */,
				1A4FE09C1CC6FDA000EE8787 /* Release */,
			);
			defaultConfigurationIsVisible = 0;
			defaultConfigurationName = Release;
		};
		1A4FE09D1CC6FDA000EE8787 /* Build configuration list for PBXNativeTarget "FoodTalk" */ = {
			isa = XCConfigurationList;
			buildConfigurations = (
				1A4FE09E1CC6FDA000EE8787 /* Debug */,
				1A4FE09F1CC6FDA000EE8787 /* Release */,
			);
			defaultConfigurationIsVisible = 0;
			defaultConfigurationName = Release;
		};
/* End XCConfigurationList section */

/* Begin XCVersionGroup section */
		1A4FE0921CC6FDA000EE8787 /* FoodTalk.xcdatamodeld */ = {
			isa = XCVersionGroup;
			children = (
				1A4FE0931CC6FDA000EE8787 /* FoodTalk.xcdatamodel */,
			);
			currentVersion = 1A4FE0931CC6FDA000EE8787 /* FoodTalk.xcdatamodel */;
			path = FoodTalk.xcdatamodeld;
			sourceTree = "<group>";
			versionGroupType = wrapper.xcdatamodel;
		};
/* End XCVersionGroup section */
	};
	rootObject = 1A4FE0801CC6FDA000EE8787 /* Project object */;
}
